
Microsoft Visual Studio Solution File, Format Version 12.00
# Visual Studio Version 16
VisualStudioVersion = 25.0.1704.2
MinimumVisualStudioVersion = 10.0.40219.1
Project("{FAE04EC0-301F-11D3-BF4B-00C04F79EFBC}") = "Lec08_Exercises", "Lec08_Exercises.csproj", "{50A34E9F-64AE-4759-A016-611414194923}"
EndProject
Global
	GlobalSection(SolutionConfigurationPlatforms) = preSolution
		Debug|Any CPU = Debug|Any CPU
		Release|Any CPU = Release|Any CPU
	EndGlobalSection
	GlobalSection(ProjectConfigurationPlatforms) = postSolution
		{50A34E9F-64AE-4759-A016-611414194923}.Debug|Any CPU.ActiveCfg = Debug|Any CPU
		{50A34E9F-64AE-4759-A016-611414194923}.Debug|Any CPU.Build.0 = Debug|Any CPU
		{50A34E9F-64AE-4759-A016-611414194923}.Release|Any CPU.ActiveCfg = Release|Any CPU
		{50A34E9F-64AE-4759-A016-611414194923}.Release|Any CPU.Build.0 = Release|Any CPU
	EndGlobalSection
	GlobalSection(SolutionProperties) = preSolution
		HideSolutionNode = FALSE
	EndGlobalSection
	GlobalSection(ExtensibilityGlobals) = postSolution
		SolutionGuid = {E73E7FB4-1287-4B04-B5FA-D8DA5F1FA396}
	EndGlobalSection
EndGlobal
